// !$*UTF8*$!
{
	archiveVersion = 1;
	classes = {
	};
	objectVersion = 46;
	objects = {

/* Begin PBXBuildFile section */
		FAD5DACB1CCAE1DB0086BF1E /* AppDelegate.swift in Sources */ = {isa = PBXBuildFile; fileRef = FAD5DACA1CCAE1DB0086BF1E /* AppDelegate.swift */; };
		FAD5DACE1CCAE1DB0086BF1E /* Blog_Reader.xcdatamodeld in Sources */ = {isa = PBXBuildFile; fileRef = FAD5DACC1CCAE1DB0086BF1E /* Blog_Reader.xcdatamodeld */; };
		FAD5DAD01CCAE1DB0086BF1E /* MasterViewController.swift in Sources */ = {isa = PBXBuildFile; fileRef = FAD5DACF1CCAE1DB0086BF1E /* MasterViewController.swift */; };
		FAD5DAD21CCAE1DB0086BF1E /* DetailViewController.swift in Sources */ = {isa = PBXBuildFile; fileRef = FAD5DAD11CCAE1DB0086BF1E /* DetailViewController.swift */; };
		FAD5DAD51CCAE1DB0086BF1E /* Main.storyboard in Resources */ = {isa = PBXBuildFile; fileRef = FAD5DAD31CCAE1DB0086BF1E /* Main.storyboard */; };
		FAD5DAD71CCAE1DB0086BF1E /* Assets.xcassets in Resources */ = {isa = PBXBuildFile; fileRef = FAD5DAD61CCAE1DB0086BF1E /* Assets.xcassets */; };
		FAD5DADA1CCAE1DB0086BF1E /* LaunchScreen.storyboard in Resources */ = {isa = PBXBuildFile; fileRef = FAD5DAD81CCAE1DB0086BF1E /* LaunchScreen.storyboard */; };
/* End PBXBuildFile section */

/* Begin PBXFileReference section */
		FAD5DAC71CCAE1DB0086BF1E /* Blog Reader.app */ = {isa = PBXFileReference; explicitFileType = wrapper.application; includeInIndex = 0; path = "Blog Reader.app"; sourceTree = BUILT_PRODUCTS_DIR; };
		FAD5DACA1CCAE1DB0086BF1E /* AppDelegate.swift */ = {isa = PBXFileReference; lastKnownFileType = sourcecode.swift; path = AppDelegate.swift; sourceTree = "<group>"; };
		FAD5DACD1CCAE1DB0086BF1E /* Blog_Reader.xcdatamodel */ = {isa = PBXFileReference; lastKnownFileType = wrapper.xcdatamodel; path = Blog_Reader.xcdatamodel; sourceTree = "<group>"; };
		FAD5DACF1CCAE1DB0086BF1E /* MasterViewController.swift */ = {isa = PBXFileReference; lastKnownFileType = sourcecode.swift; path = MasterViewController.swift; sourceTree = "<group>"; };
		FAD5DAD11CCAE1DB0086BF1E /* DetailViewController.swift */ = {isa = PBXFileReference; lastKnownFileType = sourcecode.swift; path = DetailViewController.swift; sourceTree = "<group>"; };
		FAD5DAD41CCAE1DB0086BF1E /* Base */ = {isa = PBXFileReference; lastKnownFileType = file.storyboard; name = Base; path = Base.lproj/Main.storyboard; sourceTree = "<group>"; };
		FAD5DAD61CCAE1DB0086BF1E /* Assets.xcassets */ = {isa = PBXFileReference; lastKnownFileType = folder.assetcatalog; path = Assets.xcassets; sourceTree = "<group>"; };
		FAD5DAD91CCAE1DB0086BF1E /* Base */ = {isa = PBXFileReference; lastKnownFileType = file.storyboard; name = Base; path = Base.lproj/LaunchScreen.storyboard; sourceTree = "<group>"; };
		FAD5DADB1CCAE1DB0086BF1E /* Info.plist */ = {isa = PBXFileReference; lastKnownFileType = text.plist.xml; path = Info.plist; sourceTree = "<group>"; };
/* End PBXFileReference section */

/* Begin PBXFrameworksBuildPhase section */
		FAD5DAC41CCAE1DB0086BF1E /* Frameworks */ = {
			isa = PBXFrameworksBuildPhase;
			buildActionMask = 2147483647;
			files = (
			);
			runOnlyForDeploymentPostprocessing = 0;
		};
/* End PBXFrameworksBuildPhase section */

/* Begin PBXGroup section */
		FAD5DABE1CCAE1DB0086BF1E = {
			isa = PBXGroup;
			children = (
				FAD5DAC91CCAE1DB0086BF1E /* Blog Reader */,
				FAD5DAC81CCAE1DB0086BF1E /* Products */,
			);
			sourceTree = "<group>";
		};
		FAD5DAC81CCAE1DB0086BF1E /* Products */ = {
			isa = PBXGroup;
			children = (
				FAD5DAC71CCAE1DB0086BF1E /* Blog Reader.app */,
			);
			name = Products;
			sourceTree = "<group>";
		};
		FAD5DAC91CCAE1DB0086BF1E /* Blog Reader */ = {
			isa = PBXGroup;
			children = (
				FAD5DACA1CCAE1DB0086BF1E /* AppDelegate.swift */,
				FAD5DACF1CCAE1DB0086BF1E /* MasterViewController.swift */,
				FAD5DAD11CCAE1DB0086BF1E /* DetailViewController.swift */,
				FAD5DAD31CCAE1DB0086BF1E /* Main.storyboard */,
				FAD5DAD61CCAE1DB0086BF1E /* Assets.xcassets */,
				FAD5DAD81CCAE1DB0086BF1E /* LaunchScreen.storyboard */,
				FAD5DADB1CCAE1DB0086BF1E /* Info.plist */,
				FAD5DACC1CCAE1DB0086BF1E /* Blog_Reader.xcdatamodeld */,
			);
			path = "Blog Reader";
			sourceTree = "<group>";
		};
/* End PBXGroup section */

/* Begin PBXNativeTarget section */
		FAD5DAC61CCAE1DB0086BF1E /* Blog Reader */ = {
			isa = PBXNativeTarget;
			buildConfigurationList = FAD5DADE1CCAE1DB0086BF1E /* Build configuration list for PBXNativeTarget "Blog Reader" */;
			buildPhases = (
				FAD5DAC31CCAE1DB0086BF1E /* Sources */,
				FAD5DAC41CCAE1DB0086BF1E /* Frameworks */,
				FAD5DAC51CCAE1DB0086BF1E /* Resources */,
			);
			buildRules = (
			);
			dependencies = (
			);
			name = "Blog Reader";
			productName = "Blog Reader";
			productReference = FAD5DAC71CCAE1DB0086BF1E /* Blog Reader.app */;
			productType = "com.apple.product-type.application";
		};
/* End PBXNativeTarget section */

/* Begin PBXProject section */
		FAD5DABF1CCAE1DB0086BF1E /* Project object */ = {
			isa = PBXProject;
			attributes = {
				LastSwiftUpdateCheck = 0730;
				LastUpgradeCheck = 0730;
				ORGANIZATIONNAME = "Jared Allen";
				TargetAttributes = {
					FAD5DAC61CCAE1DB0086BF1E = {
						CreatedOnToolsVersion = 7.3;
						DevelopmentTeam = 8W8VUK9UZ3;
					};
				};
			};
			buildConfigurationList = FAD5DAC21CCAE1DB0086BF1E /* Build configuration list for PBXProject "Blog Reader" */;
			compatibilityVersion = "Xcode 3.2";
			developmentRegion = English;
			hasScannedForEncodings = 0;
			knownRegions = (
				en,
				Base,
			);
			mainGroup = FAD5DABE1CCAE1DB0086BF1E;
			productRefGroup = FAD5DAC81CCAE1DB0086BF1E /* Products */;
			projectDirPath = "";
			projectRoot = "";
			targets = (
				FAD5DAC61CCAE1DB0086BF1E /* Blog Reader */,
			);
		};
/* End PBXProject section */

/* Begin PBXResourcesBuildPhase section */
		FAD5DAC51CCAE1DB0086BF1E /* Resources */ = {
			isa = PBXResourcesBuildPhase;
			buildActionMask = 2147483647;
			files = (
				FAD5DADA1CCAE1DB0086BF1E /* LaunchScreen.storyboard in Resources */,
				FAD5DAD71CCAE1DB0086BF1E /* Assets.xcassets in Resources */,
				FAD5DAD51CCAE1DB0086BF1E /* Main.storyboard in Resources */,
			);
			runOnlyForDeploymentPostprocessing = 0;
		};
/* End PBXResourcesBuildPhase section */

/* Begin PBXSourcesBuildPhase section */
		FAD5DAC31CCAE1DB0086BF1E /* Sources */ = {
			isa = PBXSourcesBuildPhase;
			buildActionMask = 2147483647;
			files = (
				FAD5DACE1CCAE1DB0086BF1E /* Blog_Reader.xcdatamodeld in Sources */,
				FAD5DACB1CCAE1DB0086BF1E /* AppDelegate.swift in Sources */,
				FAD5DAD01CCAE1DB0086BF1E /* MasterViewController.swift in Sources */,
				FAD5DAD21CCAE1DB0086BF1E /* DetailViewController.swift in Sources */,
			);
			runOnlyForDeploymentPostprocessing = 0;
		};
/* End PBXSourcesBuildPhase section */

/* Begin PBXVariantGroup section */
		FAD5DAD31CCAE1DB0086BF1E /* Main.storyboard */ = {
			isa = PBXVariantGroup;
			children = (
				FAD5DAD41CCAE1DB0086BF1E /* Base */,
			);
			name = Main.storyboard;
			sourceTree = "<group>";
		};
		FAD5DAD81CCAE1DB0086BF1E /* LaunchScreen.storyboard */ = {
			isa = PBXVariantGroup;
			children = (
				FAD5DAD91CCAE1DB0086BF1E /* Base */,
			);
			name = LaunchScreen.storyboard;
			sourceTree = "<group>";
		};
/* End PBXVariantGroup section */

/* Begin XCBuildConfiguration section */
		FAD5DADC1CCAE1DB0086BF1E /* Debug */ = {
			isa = XCBuildConfiguration;
			buildSettings = {
				ALWAYS_SEARCH_USER_PATHS = NO;
				CLANG_ANALYZER_NONNULL = YES;
				CLANG_CXX_LANGUAGE_STANDARD = "gnu++0x";
				CLANG_CXX_LIBRARY = "libc++";
				CLANG_ENABLE_MODULES = YES;
				CLANG_ENABLE_OBJC_ARC = YES;
				CLANG_WARN_BOOL_CONVERSION = YES;
				CLANG_WARN_CONSTANT_CONVERSION = YES;
				CLANG_WARN_DIRECT_OBJC_ISA_USAGE = YES_ERROR;
				CLANG_WARN_EMPTY_BODY = YES;
				CLANG_WARN_ENUM_CONVERSION = YES;
				CLANG_WARN_INT_CONVERSION = YES;
				CLANG_WARN_OBJC_ROOT_CLASS = YES_ERROR;
				CLANG_WARN_UNREACHABLE_CODE = YES;
				CLANG_WARN__DUPLICATE_METHOD_MATCH = YES;
				"CODE_SIGN_IDENTITY[sdk=iphoneos*]" = "iPhone Developer";
				COPY_PHASE_STRIP = NO;
				DEBUG_INFORMATION_FORMAT = dwarf;
				ENABLE_STRICT_OBJC_MSGSEND = YES;
				ENABLE_TESTABILITY = YES;
				GCC_C_LANGUAGE_STANDARD = gnu99;
				GCC_DYNAMIC_NO_PIC = NO;
				GCC_NO_COMMON_BLOCKS = YES;
				GCC_OPTIMIZATION_LEVEL = 0;
				GCC_PREPROCESSOR_DEFINITIONS = (
					"DEBUG=1",
					"$(inherited)",
				);
				GCC_WARN_64_TO_32_BIT_CONVERSION = YES;
				GCC_WARN_ABOUT_RETURN_TYPE = YES_ERROR;
				GCC_WARN_UNDECLARED_SELECTOR = YES;
				GCC_WARN_UNINITIALIZED_AUTOS = YES_AGGRESSIVE;
				GCC_WARN_UNUSED_FUNCTION = YES;
				GCC_WARN_UNUSED_VARIABLE = YES;
				IPHONEOS_DEPLOYMENT_TARGET = 9.3;
				MTL_ENABLE_DEBUG_INFO = YES;
				ONLY_ACTIVE_ARCH = YES;
				SDKROOT = iphoneos;
				SWIFT_OPTIMIZATION_LEVEL = "-Onone";
			};
			name = Debug;
		};
		FAD5DADD1CCAE1DB0086BF1E /* Release */ = {
			isa = XCBuildConfiguration;
			buildSettings = {
				ALWAYS_SEARCH_USER_PATHS = NO;
				CLANG_ANALYZER_NONNULL = YES;
				CLANG_CXX_LANGUAGE_STANDARD = "gnu++0x";
				CLANG_CXX_LIBRARY = "libc++";
				CLANG_ENABLE_MODULES = YES;
				CLANG_ENABLE_OBJC_ARC = YES;
				CLANG_WARN_BOOL_CONVERSION = YES;
				CLANG_WARN_CONSTANT_CONVERSION = YES;
				CLANG_WARN_DIRECT_OBJC_ISA_USAGE = YES_ERROR;
				CLANG_WARN_EMPTY_BODY = YES;
				CLANG_WARN_ENUM_CONVERSION = YES;
				CLANG_WARN_INT_CONVERSION = YES;
				CLANG_WARN_OBJC_ROOT_CLASS = YES_ERROR;
				CLANG_WARN_UNREACHABLE_CODE = YES;
				CLANG_WARN__DUPLICATE_METHOD_MATCH = YES;
				"CODE_SIGN_IDENTITY[sdk=iphoneos*]" = "iPhone Developer";
				COPY_PHASE_STRIP = NO;
				DEBUG_INFORMATION_FORMAT = "dwarf-with-dsym";
				ENABLE_NS_ASSERTIONS = NO;
				ENABLE_STRICT_OBJC_MSGSEND = YES;
				GCC_C_LANGUAGE_STANDARD = gnu99;
				GCC_NO_COMMON_BLOCKS = YES;
				GCC_WARN_64_TO_32_BIT_CONVERSION = YES;
				GCC_WARN_ABOUT_RETURN_TYPE = YES_ERROR;
				GCC_WARN_UNDECLARED_SELECTOR = YES;
				GCC_WARN_UNINITIALIZED_AUTOS = YES_AGGRESSIVE;
				GCC_WARN_UNUSED_FUNCTION = YES;
				GCC_WARN_UNUSED_VARIABLE = YES;
				IPHONEOS_DEPLOYMENT_TARGET = 9.3;
				MTL_ENABLE_DEBUG_INFO = NO;
				SDKROOT = iphoneos;
				VALIDATE_PRODUCT = YES;
			};
			name = Release;
		};
		FAD5DADF1CCAE1DB0086BF1E /* Debug */ = {
			isa = XCBuildConfiguration;
			buildSettings = {
				ASSETCATALOG_COMPILER_APPICON_NAME = AppIcon;
				INFOPLIST_FILE = "Blog Reader/Info.plist";
				LD_RUNPATH_SEARCH_PATHS = "$(inherited) @executable_path/Frameworks";
				PRODUCT_BUNDLE_IDENTIFIER = "com.jaredallen.Blog-Reader";
				PRODUCT_NAME = "$(TARGET_NAME)";
			};
			name = Debug;
		};
		FAD5DAE01CCAE1DB0086BF1E /* Release */ = {
			isa = XCBuildConfiguration;
			buildSettings = {
				ASSETCATALOG_COMPILER_APPICON_NAME = AppIcon;
				INFOPLIST_FILE = "Blog Reader/Info.plist";
				LD_RUNPATH_SEARCH_PATHS = "$(inherited) @executable_path/Frameworks";
				PRODUCT_BUNDLE_IDENTIFIER = "com.jaredallen.Blog-Reader";
				PRODUCT_NAME = "$(TARGET_NAME)";
			};
			name = Release;
		};
/* End XCBuildConfiguration section */

/* Begin XCConfigurationList section */
		FAD5DAC21CCAE1DB0086BF1E /* Build configuration list for PBXProject "Blog Reader" */ = {
			isa = XCConfigurationList;
			buildConfigurations = (
				FAD5DADC1CCAE1DB0086BF1E /* Debug */,
				FAD5DADD1CCAE1DB0086BF1E /* Release */,
			);
			defaultConfigurationIsVisible = 0;
			defaultConfigurationName = Release;
		};
		FAD5DADE1CCAE1DB0086BF1E /* Build configuration list for PBXNativeTarget "Blog Reader" */ = {
			isa = XCConfigurationList;
			buildConfigurations = (
				FAD5DADF1CCAE1DB0086BF1E /* Debug */,
				FAD5DAE01CCAE1DB0086BF1E /* Release */,
			);
			defaultConfigurationIsVisible = 0;
		};
/* End XCConfigurationList section */

/* Begin XCVersionGroup section */
		FAD5DACC1CCAE1DB0086BF1E /* Blog_Reader.xcdatamodeld */ = {
			isa = XCVersionGroup;
			children = (
				FAD5DACD1CCAE1DB0086BF1E /* Blog_Reader.xcdatamodel */,
			);
			currentVersion = FAD5DACD1CCAE1DB0086BF1E /* Blog_Reader.xcdatamodel */;
			path = Blog_Reader.xcdatamodeld;
			sourceTree = "<group>";
			versionGroupType = wrapper.xcdatamodel;
		};
/* End XCVersionGroup section */
	};
	rootObject = FAD5DABF1CCAE1DB0086BF1E /* Project object */;
}
